# THIS IS AN AUTOGENERATED FILE. DO NOT EDIT THIS FILE DIRECTLY.
# yarn lockfile v1


deep-diff@^1.0.2:
  version "1.0.2"
  resolved "https://registry.npmjs.org/deep-diff/-/deep-diff-1.0.2.tgz#afd3d1f749115be965e89c63edc7abb1506b9c26"
  integrity sha512-aWS3UIVH+NPGCD1kki+DCU9Dua032iSsO43LqQpcs4R3+dVv7tX0qBGjiVHJHjplsoUM2XRO/KB92glqc68awg==

lodash.isequal@^4.5.0:
  version "4.5.0"
  resolved "https://registry.npmjs.org/lodash.isequal/-/lodash.isequal-4.5.0.tgz#415c4478f2bcc30120c22ce10ed3226f7d3e18e0"
  integrity sha1-QVxEePK8wwEgwizhDtMib30+GOA=

lodash.memoize@^4.1.2:
  version "4.1.2"
  resolved "https://registry.npmjs.org/lodash.memoize/-/lodash.memoize-4.1.2.tgz#bcc6c49a42a2840ed997f323eada5ecd182e0bfe"
  integrity sha1-vMbEmkKihA7Zl/Mj6tpezRguC/4=

lodash.uniq@^4.5.0:
  version "4.5.0"
  resolved "https://registry.npmjs.org/lodash.uniq/-/lodash.uniq-4.5.0.tgz#d0225373aeb652adc1bc82e4945339a842754773"
  integrity sha1-0CJTc662Uq3BvILklFM5qEJ1R3M=
